
Microsoft Visual Studio Solution File, Format Version 12.00
# Visual Studio Version 17
VisualStudioVersion = 17.8.34309.116
MinimumVisualStudioVersion = 10.0.40219.1
Project("{FAE04EC0-301F-11D3-BF4B-00C04F79EFBC}") = "EduScheduleViewerApp", "EduScheduleViewerApp\EduScheduleViewerApp.csproj", "{78EC18D4-95A3-4DF6-8472-24BA97392F98}"
EndProject
Global
	GlobalSection(SolutionConfigurationPlatforms) = preSolution
		Debug|Any CPU = Debug|Any CPU
		Release|Any CPU = Release|Any CPU
	EndGlobalSection
	GlobalSection(ProjectConfigurationPlatforms) = postSolution
		{78EC18D4-95A3-4DF6-8472-24BA97392F98}.Debug|Any CPU.ActiveCfg = Debug|Any CPU
		{78EC18D4-95A3-4DF6-8472-24BA97392F98}.Debug|Any CPU.Build.0 = Debug|Any CPU
		{78EC18D4-95A3-4DF6-8472-24BA97392F98}.Release|Any CPU.ActiveCfg = Release|Any CPU
		{78EC18D4-95A3-4DF6-8472-24BA97392F98}.Release|Any CPU.Build.0 = Release|Any CPU
	EndGlobalSection
	GlobalSection(SolutionProperties) = preSolution
		HideSolutionNode = FALSE
	EndGlobalSection
	GlobalSection(ExtensibilityGlobals) = postSolution
		SolutionGuid = {40CA0436-A913-44A5-A436-7932F4837BBE}
	EndGlobalSection
EndGlobal
